
Microsoft Visual Studio Solution File, Format Version 12.00
# Visual Studio 15
VisualStudioVersion = 15.0.27703.2000
MinimumVisualStudioVersion = 10.0.40219.1
Project("{FAE04EC0-301F-11D3-BF4B-00C04F79EFBC}") = "softaware.Authentication.Hmac.Client", "softaware.Authentication.Hmac.Client\softaware.Authentication.Hmac.Client.csproj", "{17060DA8-5537-4E82-A04B-6B258BB17670}"
EndProject
Project("{FAE04EC0-301F-11D3-BF4B-00C04F79EFBC}") = "softaware.Authentication.Hmac.AspNetCore", "softaware.Authentication.Hmac.AspNetCore\softaware.Authentication.Hmac.AspNetCore.csproj", "{84800F97-4CBC-4538-BC1E-13DECA612663}"
EndProject
Project("{FAE04EC0-301F-11D3-BF4B-00C04F79EFBC}") = "softaware.Authentication.Hmac", "softaware.Authentication.Hmac\softaware.Authentication.Hmac.csproj", "{F4BA794F-7490-4956-8835-C88E91F58956}"
EndProject
Global
	GlobalSection(SolutionConfigurationPlatforms) = preSolution
		Debug|Any CPU = Debug|Any CPU
		Release|Any CPU = Release|Any CPU
	EndGlobalSection
	GlobalSection(ProjectConfigurationPlatforms) = postSolution
		{17060DA8-5537-4E82-A04B-6B258BB17670}.Debug|Any CPU.ActiveCfg = Debug|Any CPU
		{17060DA8-5537-4E82-A04B-6B258BB17670}.Debug|Any CPU.Build.0 = Debug|Any CPU
		{17060DA8-5537-4E82-A04B-6B258BB17670}.Release|Any CPU.ActiveCfg = Release|Any CPU
		{17060DA8-5537-4E82-A04B-6B258BB17670}.Release|Any CPU.Build.0 = Release|Any CPU
		{84800F97-4CBC-4538-BC1E-13DECA612663}.Debug|Any CPU.ActiveCfg = Debug|Any CPU
		{84800F97-4CBC-4538-BC1E-13DECA612663}.Debug|Any CPU.Build.0 = Debug|Any CPU
		{84800F97-4CBC-4538-BC1E-13DECA612663}.Release|Any CPU.ActiveCfg = Release|Any CPU
		{84800F97-4CBC-4538-BC1E-13DECA612663}.Release|Any CPU.Build.0 = Release|Any CPU
		{F4BA794F-7490-4956-8835-C88E91F58956}.Debug|Any CPU.ActiveCfg = Debug|Any CPU
		{F4BA794F-7490-4956-8835-C88E91F58956}.Debug|Any CPU.Build.0 = Debug|Any CPU
		{F4BA794F-7490-4956-8835-C88E91F58956}.Release|Any CPU.ActiveCfg = Release|Any CPU
		{F4BA794F-7490-4956-8835-C88E91F58956}.Release|Any CPU.Build.0 = Release|Any CPU
	EndGlobalSection
	GlobalSection(SolutionProperties) = preSolution
		HideSolutionNode = FALSE
	EndGlobalSection
	GlobalSection(ExtensibilityGlobals) = postSolution
		SolutionGuid = {B85C00FF-1ABE-4846-85DB-EABD95370E37}
	EndGlobalSection
EndGlobal
